
Microsoft Visual Studio Solution File, Format Version 12.00
# Visual Studio 2013
VisualStudioVersion = 12.0.31101.0
MinimumVisualStudioVersion = 10.0.40219.1
Project("{FAE04EC0-301F-11D3-BF4B-00C04F79EFBC}") = "UmbracoBaseTests", "UmbracoBaseTests\UmbracoBaseTests.csproj", "{D10BB76D-5AAA-45BA-ACBE-90882F2B79E1}"
EndProject
Project("{FAE04EC0-301F-11D3-BF4B-00C04F79EFBC}") = "UmbracoWrappers", "UmbracoTestWrappers\UmbracoWrappers.csproj", "{D1100163-4E41-43E9-9154-BD9048CE9D74}"
EndProject
Global
	GlobalSection(SolutionConfigurationPlatforms) = preSolution
		Debug|Any CPU = Debug|Any CPU
		Release|Any CPU = Release|Any CPU
	EndGlobalSection
	GlobalSection(ProjectConfigurationPlatforms) = postSolution
		{D10BB76D-5AAA-45BA-ACBE-90882F2B79E1}.Debug|Any CPU.ActiveCfg = Debug|Any CPU
		{D10BB76D-5AAA-45BA-ACBE-90882F2B79E1}.Debug|Any CPU.Build.0 = Debug|Any CPU
		{D10BB76D-5AAA-45BA-ACBE-90882F2B79E1}.Release|Any CPU.ActiveCfg = Release|Any CPU
		{D10BB76D-5AAA-45BA-ACBE-90882F2B79E1}.Release|Any CPU.Build.0 = Release|Any CPU
		{D1100163-4E41-43E9-9154-BD9048CE9D74}.Debug|Any CPU.ActiveCfg = Debug|Any CPU
		{D1100163-4E41-43E9-9154-BD9048CE9D74}.Debug|Any CPU.Build.0 = Debug|Any CPU
		{D1100163-4E41-43E9-9154-BD9048CE9D74}.Release|Any CPU.ActiveCfg = Release|Any CPU
		{D1100163-4E41-43E9-9154-BD9048CE9D74}.Release|Any CPU.Build.0 = Release|Any CPU
	EndGlobalSection
	GlobalSection(SolutionProperties) = preSolution
		HideSolutionNode = FALSE
	EndGlobalSection
EndGlobal
